<Solution>
  <Folder Name="/src/" />
  <Folder Name="/src/API/">
    <Project Path="src/API/TaskManager.API.csproj" />
  </Folder>
  <Folder Name="/src/Application/">
    <Project Path="src/Application/TaskManager.Application.csproj" />
  </Folder>
  <Folder Name="/src/Domain/">
    <Project Path="src/Domain/TaskManager.Domain.csproj" />
  </Folder>
  <Folder Name="/src/Infrastructure/">
    <Project Path="src/Infrastructure/TaskManager.Infrastructure.csproj" />
  </Folder>
</Solution>
